// !$*UTF8*$!
{
	archiveVersion = 1;
	classes = {
	};
	objectVersion = 55;
	objects = {

/* Begin PBXBuildFile section */
		1716E00428AF65A60038A363 /* CleanSwiftUIApp.swift in Sources */ = {isa = PBXBuildFile; fileRef = 1716E00328AF65A60038A363 /* CleanSwiftUIApp.swift */; };
		1716E00828AF65A80038A363 /* Assets.xcassets in Resources */ = {isa = PBXBuildFile; fileRef = 1716E00728AF65A80038A363 /* Assets.xcassets */; };
		1716E00B28AF65A80038A363 /* Preview Assets.xcassets in Resources */ = {isa = PBXBuildFile; fileRef = 1716E00A28AF65A80038A363 /* Preview Assets.xcassets */; };
		1716E01328AF669D0038A363 /* Then in Frameworks */ = {isa = PBXBuildFile; productRef = 1716E01228AF669D0038A363 /* Then */; };
		1716E01C28AF67230038A363 /* MainView.swift in Sources */ = {isa = PBXBuildFile; fileRef = 1716E01B28AF67230038A363 /* MainView.swift */; };
		1716E02028AF677E0038A363 /* AppDelegate.swift in Sources */ = {isa = PBXBuildFile; fileRef = 1716E01F28AF677E0038A363 /* AppDelegate.swift */; };
		1716E02228AF691E0038A363 /* CancelBag.swift in Sources */ = {isa = PBXBuildFile; fileRef = 1716E02128AF691E0038A363 /* CancelBag.swift */; };
		1716E02528AF697D0038A363 /* View+.swift in Sources */ = {isa = PBXBuildFile; fileRef = 1716E02428AF697D0038A363 /* View+.swift */; };
		1716E02D28AF6ACE0038A363 /* ProductListView.swift in Sources */ = {isa = PBXBuildFile; fileRef = 1716E02C28AF6ACE0038A363 /* ProductListView.swift */; };
		1716E03228AF6B8C0038A363 /* Product.swift in Sources */ = {isa = PBXBuildFile; fileRef = 1716E03128AF6B8C0038A363 /* Product.swift */; };
		1716E03428AF6BB80038A363 /* GetListProduct.swift in Sources */ = {isa = PBXBuildFile; fileRef = 1716E03328AF6BB80038A363 /* GetListProduct.swift */; };
		1716E03728AF6C330038A363 /* ProductGateway.swift in Sources */ = {isa = PBXBuildFile; fileRef = 1716E03628AF6C330038A363 /* ProductGateway.swift */; };
		1716E03D28AF6ED40038A363 /* Double+.swift in Sources */ = {isa = PBXBuildFile; fileRef = 1716E03C28AF6ED40038A363 /* Double+.swift */; };
		1716E04128AF71F10038A363 /* ProductDetailView.swift in Sources */ = {isa = PBXBuildFile; fileRef = 1716E04028AF71F10038A363 /* ProductDetailView.swift */; };
		172A7D392910D407005A2D3A /* RepoDetailView.swift in Sources */ = {isa = PBXBuildFile; fileRef = 172A7D382910D407005A2D3A /* RepoDetailView.swift */; };
		172A7D3B2910F080005A2D3A /* Event.swift in Sources */ = {isa = PBXBuildFile; fileRef = 172A7D3A2910F080005A2D3A /* Event.swift */; };
		172A7D3D2910F266005A2D3A /* GetEvents.swift in Sources */ = {isa = PBXBuildFile; fileRef = 172A7D3C2910F266005A2D3A /* GetEvents.swift */; };
		172A7D3F2910F734005A2D3A /* EventView.swift in Sources */ = {isa = PBXBuildFile; fileRef = 172A7D3E2910F734005A2D3A /* EventView.swift */; };
		1737420E290A592400AF8707 /* RequestBuilder in Frameworks */ = {isa = PBXBuildFile; productRef = 1737420D290A592400AF8707 /* RequestBuilder */; };
		17374211290A5A6F00AF8707 /* CoreStore in Frameworks */ = {isa = PBXBuildFile; productRef = 17374210290A5A6F00AF8707 /* CoreStore */; };
		17374216290A5D8A00AF8707 /* Config.swift in Sources */ = {isa = PBXBuildFile; fileRef = 17374215290A5D8A00AF8707 /* Config.swift */; };
		17374218290A5F5E00AF8707 /* RepoGateway.swift in Sources */ = {isa = PBXBuildFile; fileRef = 17374217290A5F5E00AF8707 /* RepoGateway.swift */; };
		1737421A290A6EA000AF8707 /* Repo.swift in Sources */ = {isa = PBXBuildFile; fileRef = 17374219290A6EA000AF8707 /* Repo.swift */; };
		1737421F290A6F6900AF8707 /* APISessionManager.swift in Sources */ = {isa = PBXBuildFile; fileRef = 1737421E290A6F6900AF8707 /* APISessionManager.swift */; };
		17374221290A6FF000AF8707 /* Config+URLs.swift in Sources */ = {isa = PBXBuildFile; fileRef = 17374220290A6FF000AF8707 /* Config+URLs.swift */; };
		17374224290A71E200AF8707 /* GetRepos.swift in Sources */ = {isa = PBXBuildFile; fileRef = 17374223290A71E200AF8707 /* GetRepos.swift */; };
		17374228290A737000AF8707 /* RepoListView.swift in Sources */ = {isa = PBXBuildFile; fileRef = 17374227290A737000AF8707 /* RepoListView.swift */; };
		1737422A290A751100AF8707 /* RepoView.swift in Sources */ = {isa = PBXBuildFile; fileRef = 17374229290A751100AF8707 /* RepoView.swift */; };
		173D0C4228D99ED4002787E1 /* Factory in Frameworks */ = {isa = PBXBuildFile; productRef = 173D0C4128D99ED4002787E1 /* Factory */; };
/* End PBXBuildFile section */

/* Begin PBXFileReference section */
		1716E00028AF65A60038A363 /* CleanSwiftUI.app */ = {isa = PBXFileReference; explicitFileType = wrapper.application; includeInIndex = 0; path = CleanSwiftUI.app; sourceTree = BUILT_PRODUCTS_DIR; };
		1716E00328AF65A60038A363 /* CleanSwiftUIApp.swift */ = {isa = PBXFileReference; lastKnownFileType = sourcecode.swift; path = CleanSwiftUIApp.swift; sourceTree = "<group>"; };
		1716E00728AF65A80038A363 /* Assets.xcassets */ = {isa = PBXFileReference; lastKnownFileType = folder.assetcatalog; path = Assets.xcassets; sourceTree = "<group>"; };
		1716E00A28AF65A80038A363 /* Preview Assets.xcassets */ = {isa = PBXFileReference; lastKnownFileType = folder.assetcatalog; path = "Preview Assets.xcassets"; sourceTree = "<group>"; };
		1716E01B28AF67230038A363 /* MainView.swift */ = {isa = PBXFileReference; lastKnownFileType = sourcecode.swift; path = MainView.swift; sourceTree = "<group>"; };
		1716E01F28AF677E0038A363 /* AppDelegate.swift */ = {isa = PBXFileReference; lastKnownFileType = sourcecode.swift; path = AppDelegate.swift; sourceTree = "<group>"; };
		1716E02128AF691E0038A363 /* CancelBag.swift */ = {isa = PBXFileReference; lastKnownFileType = sourcecode.swift; path = CancelBag.swift; sourceTree = "<group>"; };
		1716E02428AF697D0038A363 /* View+.swift */ = {isa = PBXFileReference; lastKnownFileType = sourcecode.swift; path = "View+.swift"; sourceTree = "<group>"; };
		1716E02C28AF6ACE0038A363 /* ProductListView.swift */ = {isa = PBXFileReference; lastKnownFileType = sourcecode.swift; path = ProductListView.swift; sourceTree = "<group>"; };
		1716E03128AF6B8C0038A363 /* Product.swift */ = {isa = PBXFileReference; lastKnownFileType = sourcecode.swift; path = Product.swift; sourceTree = "<group>"; };
		1716E03328AF6BB80038A363 /* GetListProduct.swift */ = {isa = PBXFileReference; lastKnownFileType = sourcecode.swift; path = GetListProduct.swift; sourceTree = "<group>"; };
		1716E03628AF6C330038A363 /* ProductGateway.swift */ = {isa = PBXFileReference; lastKnownFileType = sourcecode.swift; path = ProductGateway.swift; sourceTree = "<group>"; };
		1716E03C28AF6ED40038A363 /* Double+.swift */ = {isa = PBXFileReference; lastKnownFileType = sourcecode.swift; path = "Double+.swift"; sourceTree = "<group>"; };
		1716E04028AF71F10038A363 /* ProductDetailView.swift */ = {isa = PBXFileReference; lastKnownFileType = sourcecode.swift; path = ProductDetailView.swift; sourceTree = "<group>"; };
		172A7D382910D407005A2D3A /* RepoDetailView.swift */ = {isa = PBXFileReference; lastKnownFileType = sourcecode.swift; path = RepoDetailView.swift; sourceTree = "<group>"; };
		172A7D3A2910F080005A2D3A /* Event.swift */ = {isa = PBXFileReference; lastKnownFileType = sourcecode.swift; path = Event.swift; sourceTree = "<group>"; };
		172A7D3C2910F266005A2D3A /* GetEvents.swift */ = {isa = PBXFileReference; lastKnownFileType = sourcecode.swift; path = GetEvents.swift; sourceTree = "<group>"; };
		172A7D3E2910F734005A2D3A /* EventView.swift */ = {isa = PBXFileReference; lastKnownFileType = sourcecode.swift; path = EventView.swift; sourceTree = "<group>"; };
		17374215290A5D8A00AF8707 /* Config.swift */ = {isa = PBXFileReference; lastKnownFileType = sourcecode.swift; path = Config.swift; sourceTree = "<group>"; };
		17374217290A5F5E00AF8707 /* RepoGateway.swift */ = {isa = PBXFileReference; lastKnownFileType = sourcecode.swift; path = RepoGateway.swift; sourceTree = "<group>"; };
		17374219290A6EA000AF8707 /* Repo.swift */ = {isa = PBXFileReference; lastKnownFileType = sourcecode.swift; path = Repo.swift; sourceTree = "<group>"; };
		1737421E290A6F6900AF8707 /* APISessionManager.swift */ = {isa = PBXFileReference; lastKnownFileType = sourcecode.swift; path = APISessionManager.swift; sourceTree = "<group>"; };
		17374220290A6FF000AF8707 /* Config+URLs.swift */ = {isa = PBXFileReference; lastKnownFileType = sourcecode.swift; path = "Config+URLs.swift"; sourceTree = "<group>"; };
		17374223290A71E200AF8707 /* GetRepos.swift */ = {isa = PBXFileReference; lastKnownFileType = sourcecode.swift; path = GetRepos.swift; sourceTree = "<group>"; };
		17374227290A737000AF8707 /* RepoListView.swift */ = {isa = PBXFileReference; lastKnownFileType = sourcecode.swift; path = RepoListView.swift; sourceTree = "<group>"; };
		17374229290A751100AF8707 /* RepoView.swift */ = {isa = PBXFileReference; lastKnownFileType = sourcecode.swift; path = RepoView.swift; sourceTree = "<group>"; };
/* End PBXFileReference section */

/* Begin PBXFrameworksBuildPhase section */
		1716DFFD28AF65A60038A363 /* Frameworks */ = {
			isa = PBXFrameworksBuildPhase;
			buildActionMask = 2147483647;
			files = (
				1716E01328AF669D0038A363 /* Then in Frameworks */,
				1737420E290A592400AF8707 /* RequestBuilder in Frameworks */,
				173D0C4228D99ED4002787E1 /* Factory in Frameworks */,
				17374211290A5A6F00AF8707 /* CoreStore in Frameworks */,
			);
			runOnlyForDeploymentPostprocessing = 0;
		};
/* End PBXFrameworksBuildPhase section */

/* Begin PBXGroup section */
		1716DFF728AF65A60038A363 = {
			isa = PBXGroup;
			children = (
				1716E00228AF65A60038A363 /* CleanSwiftUI */,
				1716E00128AF65A60038A363 /* Products */,
			);
			sourceTree = "<group>";
		};
		1716E00128AF65A60038A363 /* Products */ = {
			isa = PBXGroup;
			children = (
				1716E00028AF65A60038A363 /* CleanSwiftUI.app */,
			);
			name = Products;
			sourceTree = "<group>";
		};
		1716E00228AF65A60038A363 /* CleanSwiftUI */ = {
			isa = PBXGroup;
			children = (
				17374214290A5D7B00AF8707 /* Config */,
				1716E01828AF66D80038A363 /* Presentation */,
				1716E01728AF66CF0038A363 /* Support */,
				1716E01628AF66C00038A363 /* Data */,
				1716E01528AF66BB0038A363 /* Domain */,
				1716E00328AF65A60038A363 /* CleanSwiftUIApp.swift */,
				1716E00728AF65A80038A363 /* Assets.xcassets */,
				1716E00928AF65A80038A363 /* Preview Content */,
				1716E01F28AF677E0038A363 /* AppDelegate.swift */,
			);
			path = CleanSwiftUI;
			sourceTree = "<group>";
		};
		1716E00928AF65A80038A363 /* Preview Content */ = {
			isa = PBXGroup;
			children = (
				1716E00A28AF65A80038A363 /* Preview Assets.xcassets */,
			);
			path = "Preview Content";
			sourceTree = "<group>";
		};
		1716E01528AF66BB0038A363 /* Domain */ = {
			isa = PBXGroup;
			children = (
				1716E02F28AF6B670038A363 /* Entities */,
				1716E02E28AF6B5D0038A363 /* UseCases */,
			);
			path = Domain;
			sourceTree = "<group>";
		};
		1716E01628AF66C00038A363 /* Data */ = {
			isa = PBXGroup;
			children = (
				1716E03528AF6C060038A363 /* Gateways */,
			);
			path = Data;
			sourceTree = "<group>";
		};
		1716E01728AF66CF0038A363 /* Support */ = {
			isa = PBXGroup;
			children = (
				1716E02328AF693C0038A363 /* Extensions */,
				1716E02128AF691E0038A363 /* CancelBag.swift */,
			);
			path = Support;
			sourceTree = "<group>";
		};
		1716E01828AF66D80038A363 /* Presentation */ = {
			isa = PBXGroup;
			children = (
				17374225290A72E900AF8707 /* Repo */,
				1716E02628AF6A260038A363 /* Product */,
				1716E01928AF66F50038A363 /* Main */,
			);
			path = Presentation;
			sourceTree = "<group>";
		};
		1716E01928AF66F50038A363 /* Main */ = {
			isa = PBXGroup;
			children = (
				1716E01B28AF67230038A363 /* MainView.swift */,
			);
			path = Main;
			sourceTree = "<group>";
		};
		1716E02328AF693C0038A363 /* Extensions */ = {
			isa = PBXGroup;
			children = (
				1716E02428AF697D0038A363 /* View+.swift */,
				1716E03C28AF6ED40038A363 /* Double+.swift */,
			);
			path = Extensions;
			sourceTree = "<group>";
		};
		1716E02628AF6A260038A363 /* Product */ = {
			isa = PBXGroup;
			children = (
				1716E02828AF6A5A0038A363 /* ProductDetail */,
				1716E02728AF6A500038A363 /* ProductList */,
			);
			path = Product;
			sourceTree = "<group>";
		};
		1716E02728AF6A500038A363 /* ProductList */ = {
			isa = PBXGroup;
			children = (
				1716E02C28AF6ACE0038A363 /* ProductListView.swift */,
			);
			path = ProductList;
			sourceTree = "<group>";
		};
		1716E02828AF6A5A0038A363 /* ProductDetail */ = {
			isa = PBXGroup;
			children = (
				1716E04028AF71F10038A363 /* ProductDetailView.swift */,
			);
			path = ProductDetail;
			sourceTree = "<group>";
		};
		1716E02E28AF6B5D0038A363 /* UseCases */ = {
			isa = PBXGroup;
			children = (
				17374222290A71DA00AF8707 /* Repo */,
				1716E03028AF6B800038A363 /* Product */,
			);
			path = UseCases;
			sourceTree = "<group>";
		};
		1716E02F28AF6B670038A363 /* Entities */ = {
			isa = PBXGroup;
			children = (
				1716E03128AF6B8C0038A363 /* Product.swift */,
				17374219290A6EA000AF8707 /* Repo.swift */,
				172A7D3A2910F080005A2D3A /* Event.swift */,
			);
			path = Entities;
			sourceTree = "<group>";
		};
		1716E03028AF6B800038A363 /* Product */ = {
			isa = PBXGroup;
			children = (
				1716E03328AF6BB80038A363 /* GetListProduct.swift */,
			);
			path = Product;
			sourceTree = "<group>";
		};
		1716E03528AF6C060038A363 /* Gateways */ = {
			isa = PBXGroup;
			children = (
				1716E03628AF6C330038A363 /* ProductGateway.swift */,
				17374217290A5F5E00AF8707 /* RepoGateway.swift */,
				1737421E290A6F6900AF8707 /* APISessionManager.swift */,
			);
			path = Gateways;
			sourceTree = "<group>";
		};
		172A7D372910D3FC005A2D3A /* RepoDetail */ = {
			isa = PBXGroup;
			children = (
				172A7D382910D407005A2D3A /* RepoDetailView.swift */,
				172A7D3E2910F734005A2D3A /* EventView.swift */,
			);
			path = RepoDetail;
			sourceTree = "<group>";
		};
		17374214290A5D7B00AF8707 /* Config */ = {
			isa = PBXGroup;
			children = (
				17374215290A5D8A00AF8707 /* Config.swift */,
				17374220290A6FF000AF8707 /* Config+URLs.swift */,
			);
			path = Config;
			sourceTree = "<group>";
		};
		17374222290A71DA00AF8707 /* Repo */ = {
			isa = PBXGroup;
			children = (
				17374223290A71E200AF8707 /* GetRepos.swift */,
				172A7D3C2910F266005A2D3A /* GetEvents.swift */,
			);
			path = Repo;
			sourceTree = "<group>";
		};
		17374225290A72E900AF8707 /* Repo */ = {
			isa = PBXGroup;
			children = (
				172A7D372910D3FC005A2D3A /* RepoDetail */,
				17374226290A733100AF8707 /* RepoList */,
			);
			path = Repo;
			sourceTree = "<group>";
		};
		17374226290A733100AF8707 /* RepoList */ = {
			isa = PBXGroup;
			children = (
				17374227290A737000AF8707 /* RepoListView.swift */,
				17374229290A751100AF8707 /* RepoView.swift */,
			);
			path = RepoList;
			sourceTree = "<group>";
		};
/* End PBXGroup section */

/* Begin PBXNativeTarget section */
		1716DFFF28AF65A60038A363 /* CleanSwiftUI */ = {
			isa = PBXNativeTarget;
			buildConfigurationList = 1716E00E28AF65A80038A363 /* Build configuration list for PBXNativeTarget "CleanSwiftUI" */;
			buildPhases = (
				1716DFFC28AF65A60038A363 /* Sources */,
				1716DFFD28AF65A60038A363 /* Frameworks */,
				1716DFFE28AF65A60038A363 /* Resources */,
			);
			buildRules = (
			);
			dependencies = (
			);
			name = CleanSwiftUI;
			packageProductDependencies = (
				1716E01228AF669D0038A363 /* Then */,
				173D0C4128D99ED4002787E1 /* Factory */,
				1737420D290A592400AF8707 /* RequestBuilder */,
				17374210290A5A6F00AF8707 /* CoreStore */,
			);
			productName = CleanSwiftUI;
			productReference = 1716E00028AF65A60038A363 /* CleanSwiftUI.app */;
			productType = "com.apple.product-type.application";
		};
/* End PBXNativeTarget section */

/* Begin PBXProject section */
		1716DFF828AF65A60038A363 /* Project object */ = {
			isa = PBXProject;
			attributes = {
				BuildIndependentTargetsInParallel = 1;
				LastSwiftUpdateCheck = 1340;
				LastUpgradeCheck = 1340;
				TargetAttributes = {
					1716DFFF28AF65A60038A363 = {
						CreatedOnToolsVersion = 13.4.1;
					};
				};
			};
			buildConfigurationList = 1716DFFB28AF65A60038A363 /* Build configuration list for PBXProject "CleanSwiftUI" */;
			compatibilityVersion = "Xcode 13.0";
			developmentRegion = en;
			hasScannedForEncodings = 0;
			knownRegions = (
				en,
				Base,
			);
			mainGroup = 1716DFF728AF65A60038A363;
			packageReferences = (
				1716E01128AF669D0038A363 /* XCRemoteSwiftPackageReference "Then" */,
				173D0C4028D99ED4002787E1 /* XCRemoteSwiftPackageReference "Factory" */,
				1737420C290A592400AF8707 /* XCRemoteSwiftPackageReference "RequestBuilder" */,
				1737420F290A5A6F00AF8707 /* XCRemoteSwiftPackageReference "CoreStore" */,
			);
			productRefGroup = 1716E00128AF65A60038A363 /* Products */;
			projectDirPath = "";
			projectRoot = "";
			targets = (
				1716DFFF28AF65A60038A363 /* CleanSwiftUI */,
			);
		};
/* End PBXProject section */

/* Begin PBXResourcesBuildPhase section */
		1716DFFE28AF65A60038A363 /* Resources */ = {
			isa = PBXResourcesBuildPhase;
			buildActionMask = 2147483647;
			files = (
				1716E00B28AF65A80038A363 /* Preview Assets.xcassets in Resources */,
				1716E00828AF65A80038A363 /* Assets.xcassets in Resources */,
			);
			runOnlyForDeploymentPostprocessing = 0;
		};
/* End PBXResourcesBuildPhase section */

/* Begin PBXSourcesBuildPhase section */
		1716DFFC28AF65A60038A363 /* Sources */ = {
			isa = PBXSourcesBuildPhase;
			buildActionMask = 2147483647;
			files = (
				1716E02D28AF6ACE0038A363 /* ProductListView.swift in Sources */,
				172A7D3D2910F266005A2D3A /* GetEvents.swift in Sources */,
				1716E04128AF71F10038A363 /* ProductDetailView.swift in Sources */,
				17374228290A737000AF8707 /* RepoListView.swift in Sources */,
				1716E03D28AF6ED40038A363 /* Double+.swift in Sources */,
				17374221290A6FF000AF8707 /* Config+URLs.swift in Sources */,
				1716E03228AF6B8C0038A363 /* Product.swift in Sources */,
				1716E03728AF6C330038A363 /* ProductGateway.swift in Sources */,
				17374218290A5F5E00AF8707 /* RepoGateway.swift in Sources */,
				17374216290A5D8A00AF8707 /* Config.swift in Sources */,
				1737421A290A6EA000AF8707 /* Repo.swift in Sources */,
				1716E02228AF691E0038A363 /* CancelBag.swift in Sources */,
				172A7D392910D407005A2D3A /* RepoDetailView.swift in Sources */,
				1716E01C28AF67230038A363 /* MainView.swift in Sources */,
				17374224290A71E200AF8707 /* GetRepos.swift in Sources */,
				1716E02528AF697D0038A363 /* View+.swift in Sources */,
				1737421F290A6F6900AF8707 /* APISessionManager.swift in Sources */,
				1737422A290A751100AF8707 /* RepoView.swift in Sources */,
				1716E02028AF677E0038A363 /* AppDelegate.swift in Sources */,
				172A7D3F2910F734005A2D3A /* EventView.swift in Sources */,
				1716E03428AF6BB80038A363 /* GetListProduct.swift in Sources */,
				172A7D3B2910F080005A2D3A /* Event.swift in Sources */,
				1716E00428AF65A60038A363 /* CleanSwiftUIApp.swift in Sources */,
			);
			runOnlyForDeploymentPostprocessing = 0;
		};
/* End PBXSourcesBuildPhase section */

/* Begin XCBuildConfiguration section */
		1716E00C28AF65A80038A363 /* Debug */ = {
			isa = XCBuildConfiguration;
			buildSettings = {
				ALWAYS_SEARCH_USER_PATHS = NO;
				CLANG_ANALYZER_NONNULL = YES;
				CLANG_ANALYZER_NUMBER_OBJECT_CONVERSION = YES_AGGRESSIVE;
				CLANG_CXX_LANGUAGE_STANDARD = "gnu++17";
				CLANG_ENABLE_MODULES = YES;
				CLANG_ENABLE_OBJC_ARC = YES;
				CLANG_ENABLE_OBJC_WEAK = YES;
				CLANG_WARN_BLOCK_CAPTURE_AUTORELEASING = YES;
				CLANG_WARN_BOOL_CONVERSION = YES;
				CLANG_WARN_COMMA = YES;
				CLANG_WARN_CONSTANT_CONVERSION = YES;
				CLANG_WARN_DEPRECATED_OBJC_IMPLEMENTATIONS = YES;
				CLANG_WARN_DIRECT_OBJC_ISA_USAGE = YES_ERROR;
				CLANG_WARN_DOCUMENTATION_COMMENTS = YES;
				CLANG_WARN_EMPTY_BODY = YES;
				CLANG_WARN_ENUM_CONVERSION = YES;
				CLANG_WARN_INFINITE_RECURSION = YES;
				CLANG_WARN_INT_CONVERSION = YES;
				CLANG_WARN_NON_LITERAL_NULL_CONVERSION = YES;
				CLANG_WARN_OBJC_IMPLICIT_RETAIN_SELF = YES;
				CLANG_WARN_OBJC_LITERAL_CONVERSION = YES;
				CLANG_WARN_OBJC_ROOT_CLASS = YES_ERROR;
				CLANG_WARN_QUOTED_INCLUDE_IN_FRAMEWORK_HEADER = YES;
				CLANG_WARN_RANGE_LOOP_ANALYSIS = YES;
				CLANG_WARN_STRICT_PROTOTYPES = YES;
				CLANG_WARN_SUSPICIOUS_MOVE = YES;
				CLANG_WARN_UNGUARDED_AVAILABILITY = YES_AGGRESSIVE;
				CLANG_WARN_UNREACHABLE_CODE = YES;
				CLANG_WARN__DUPLICATE_METHOD_MATCH = YES;
				COPY_PHASE_STRIP = NO;
				DEBUG_INFORMATION_FORMAT = dwarf;
				ENABLE_STRICT_OBJC_MSGSEND = YES;
				ENABLE_TESTABILITY = YES;
				GCC_C_LANGUAGE_STANDARD = gnu11;
				GCC_DYNAMIC_NO_PIC = NO;
				GCC_NO_COMMON_BLOCKS = YES;
				GCC_OPTIMIZATION_LEVEL = 0;
				GCC_PREPROCESSOR_DEFINITIONS = (
					"DEBUG=1",
					"$(inherited)",
				);
				GCC_WARN_64_TO_32_BIT_CONVERSION = YES;
				GCC_WARN_ABOUT_RETURN_TYPE = YES_ERROR;
				GCC_WARN_UNDECLARED_SELECTOR = YES;
				GCC_WARN_UNINITIALIZED_AUTOS = YES_AGGRESSIVE;
				GCC_WARN_UNUSED_FUNCTION = YES;
				GCC_WARN_UNUSED_VARIABLE = YES;
				IPHONEOS_DEPLOYMENT_TARGET = 15.5;
				MTL_ENABLE_DEBUG_INFO = INCLUDE_SOURCE;
				MTL_FAST_MATH = YES;
				ONLY_ACTIVE_ARCH = YES;
				SDKROOT = iphoneos;
				SWIFT_ACTIVE_COMPILATION_CONDITIONS = DEBUG;
				SWIFT_OPTIMIZATION_LEVEL = "-Onone";
			};
			name = Debug;
		};
		1716E00D28AF65A80038A363 /* Release */ = {
			isa = XCBuildConfiguration;
			buildSettings = {
				ALWAYS_SEARCH_USER_PATHS = NO;
				CLANG_ANALYZER_NONNULL = YES;
				CLANG_ANALYZER_NUMBER_OBJECT_CONVERSION = YES_AGGRESSIVE;
				CLANG_CXX_LANGUAGE_STANDARD = "gnu++17";
				CLANG_ENABLE_MODULES = YES;
				CLANG_ENABLE_OBJC_ARC = YES;
				CLANG_ENABLE_OBJC_WEAK = YES;
				CLANG_WARN_BLOCK_CAPTURE_AUTORELEASING = YES;
				CLANG_WARN_BOOL_CONVERSION = YES;
				CLANG_WARN_COMMA = YES;
				CLANG_WARN_CONSTANT_CONVERSION = YES;
				CLANG_WARN_DEPRECATED_OBJC_IMPLEMENTATIONS = YES;
				CLANG_WARN_DIRECT_OBJC_ISA_USAGE = YES_ERROR;
				CLANG_WARN_DOCUMENTATION_COMMENTS = YES;
				CLANG_WARN_EMPTY_BODY = YES;
				CLANG_WARN_ENUM_CONVERSION = YES;
				CLANG_WARN_INFINITE_RECURSION = YES;
				CLANG_WARN_INT_CONVERSION = YES;
				CLANG_WARN_NON_LITERAL_NULL_CONVERSION = YES;
				CLANG_WARN_OBJC_IMPLICIT_RETAIN_SELF = YES;
				CLANG_WARN_OBJC_LITERAL_CONVERSION = YES;
				CLANG_WARN_OBJC_ROOT_CLASS = YES_ERROR;
				CLANG_WARN_QUOTED_INCLUDE_IN_FRAMEWORK_HEADER = YES;
				CLANG_WARN_RANGE_LOOP_ANALYSIS = YES;
				CLANG_WARN_STRICT_PROTOTYPES = YES;
				CLANG_WARN_SUSPICIOUS_MOVE = YES;
				CLANG_WARN_UNGUARDED_AVAILABILITY = YES_AGGRESSIVE;
				CLANG_WARN_UNREACHABLE_CODE = YES;
				CLANG_WARN__DUPLICATE_METHOD_MATCH = YES;
				COPY_PHASE_STRIP = NO;
				DEBUG_INFORMATION_FORMAT = "dwarf-with-dsym";
				ENABLE_NS_ASSERTIONS = NO;
				ENABLE_STRICT_OBJC_MSGSEND = YES;
				GCC_C_LANGUAGE_STANDARD = gnu11;
				GCC_NO_COMMON_BLOCKS = YES;
				GCC_WARN_64_TO_32_BIT_CONVERSION = YES;
				GCC_WARN_ABOUT_RETURN_TYPE = YES_ERROR;
				GCC_WARN_UNDECLARED_SELECTOR = YES;
				GCC_WARN_UNINITIALIZED_AUTOS = YES_AGGRESSIVE;
				GCC_WARN_UNUSED_FUNCTION = YES;
				GCC_WARN_UNUSED_VARIABLE = YES;
				IPHONEOS_DEPLOYMENT_TARGET = 15.5;
				MTL_ENABLE_DEBUG_INFO = NO;
				MTL_FAST_MATH = YES;
				SDKROOT = iphoneos;
				SWIFT_COMPILATION_MODE = wholemodule;
				SWIFT_OPTIMIZATION_LEVEL = "-O";
				VALIDATE_PRODUCT = YES;
			};
			name = Release;
		};
		1716E00F28AF65A80038A363 /* Debug */ = {
			isa = XCBuildConfiguration;
			buildSettings = {
				ASSETCATALOG_COMPILER_APPICON_NAME = AppIcon;
				ASSETCATALOG_COMPILER_GLOBAL_ACCENT_COLOR_NAME = AccentColor;
				CODE_SIGN_STYLE = Automatic;
				CURRENT_PROJECT_VERSION = 1;
				DEVELOPMENT_ASSET_PATHS = "\"CleanSwiftUI/Preview Content\"";
				DEVELOPMENT_TEAM = NN74NJ78BB;
				ENABLE_PREVIEWS = YES;
				GENERATE_INFOPLIST_FILE = YES;
				INFOPLIST_KEY_UIApplicationSceneManifest_Generation = YES;
				INFOPLIST_KEY_UIApplicationSupportsIndirectInputEvents = YES;
				INFOPLIST_KEY_UILaunchScreen_Generation = YES;
				INFOPLIST_KEY_UISupportedInterfaceOrientations_iPad = "UIInterfaceOrientationPortrait UIInterfaceOrientationPortraitUpsideDown UIInterfaceOrientationLandscapeLeft UIInterfaceOrientationLandscapeRight";
				INFOPLIST_KEY_UISupportedInterfaceOrientations_iPhone = "UIInterfaceOrientationPortrait UIInterfaceOrientationLandscapeLeft UIInterfaceOrientationLandscapeRight";
				IPHONEOS_DEPLOYMENT_TARGET = 15.0;
				LD_RUNPATH_SEARCH_PATHS = (
					"$(inherited)",
					"@executable_path/Frameworks",
				);
				MARKETING_VERSION = 1.0;
				PRODUCT_BUNDLE_IDENTIFIER = truong.tuan.CleanSwiftUI;
				PRODUCT_NAME = "$(TARGET_NAME)";
				SWIFT_EMIT_LOC_STRINGS = YES;
				SWIFT_VERSION = 5.0;
				TARGETED_DEVICE_FAMILY = "1,2";
			};
			name = Debug;
		};
		1716E01028AF65A80038A363 /* Release */ = {
			isa = XCBuildConfiguration;
			buildSettings = {
				ASSETCATALOG_COMPILER_APPICON_NAME = AppIcon;
				ASSETCATALOG_COMPILER_GLOBAL_ACCENT_COLOR_NAME = AccentColor;
				CODE_SIGN_STYLE = Automatic;
				CURRENT_PROJECT_VERSION = 1;
				DEVELOPMENT_ASSET_PATHS = "\"CleanSwiftUI/Preview Content\"";
				DEVELOPMENT_TEAM = NN74NJ78BB;
				ENABLE_PREVIEWS = YES;
				GENERATE_INFOPLIST_FILE = YES;
				INFOPLIST_KEY_UIApplicationSceneManifest_Generation = YES;
				INFOPLIST_KEY_UIApplicationSupportsIndirectInputEvents = YES;
				INFOPLIST_KEY_UILaunchScreen_Generation = YES;
				INFOPLIST_KEY_UISupportedInterfaceOrientations_iPad = "UIInterfaceOrientationPortrait UIInterfaceOrientationPortraitUpsideDown UIInterfaceOrientationLandscapeLeft UIInterfaceOrientationLandscapeRight";
				INFOPLIST_KEY_UISupportedInterfaceOrientations_iPhone = "UIInterfaceOrientationPortrait UIInterfaceOrientationLandscapeLeft UIInterfaceOrientationLandscapeRight";
				IPHONEOS_DEPLOYMENT_TARGET = 15.0;
				LD_RUNPATH_SEARCH_PATHS = (
					"$(inherited)",
					"@executable_path/Frameworks",
				);
				MARKETING_VERSION = 1.0;
				PRODUCT_BUNDLE_IDENTIFIER = truong.tuan.CleanSwiftUI;
				PRODUCT_NAME = "$(TARGET_NAME)";
				SWIFT_EMIT_LOC_STRINGS = YES;
				SWIFT_VERSION = 5.0;
				TARGETED_DEVICE_FAMILY = "1,2";
			};
			name = Release;
		};
/* End XCBuildConfiguration section */

/* Begin XCConfigurationList section */
		1716DFFB28AF65A60038A363 /* Build configuration list for PBXProject "CleanSwiftUI" */ = {
			isa = XCConfigurationList;
			buildConfigurations = (
				1716E00C28AF65A80038A363 /* Debug */,
				1716E00D28AF65A80038A363 /* Release */,
			);
			defaultConfigurationIsVisible = 0;
			defaultConfigurationName = Release;
		};
		1716E00E28AF65A80038A363 /* Build configuration list for PBXNativeTarget "CleanSwiftUI" */ = {
			isa = XCConfigurationList;
			buildConfigurations = (
				1716E00F28AF65A80038A363 /* Debug */,
				1716E01028AF65A80038A363 /* Release */,
			);
			defaultConfigurationIsVisible = 0;
			defaultConfigurationName = Release;
		};
/* End XCConfigurationList section */

/* Begin XCRemoteSwiftPackageReference section */
		1716E01128AF669D0038A363 /* XCRemoteSwiftPackageReference "Then" */ = {
			isa = XCRemoteSwiftPackageReference;
			repositoryURL = "https://github.com/devxoul/Then";
			requirement = {
				branch = master;
				kind = branch;
			};
		};
		1737420C290A592400AF8707 /* XCRemoteSwiftPackageReference "RequestBuilder" */ = {
			isa = XCRemoteSwiftPackageReference;
			repositoryURL = "https://github.com/hmlongco/RequestBuilder";
			requirement = {
				branch = main;
				kind = branch;
			};
		};
		1737420F290A5A6F00AF8707 /* XCRemoteSwiftPackageReference "CoreStore" */ = {
			isa = XCRemoteSwiftPackageReference;
			repositoryURL = "https://github.com/JohnEstropia/CoreStore";
			requirement = {
				kind = upToNextMajorVersion;
				minimumVersion = 9.0.0;
			};
		};
		173D0C4028D99ED4002787E1 /* XCRemoteSwiftPackageReference "Factory" */ = {
			isa = XCRemoteSwiftPackageReference;
			repositoryURL = "https://github.com/hmlongco/Factory";
			requirement = {
				kind = upToNextMajorVersion;
				minimumVersion = 1.0.0;
			};
		};
/* End XCRemoteSwiftPackageReference section */

/* Begin XCSwiftPackageProductDependency section */
		1716E01228AF669D0038A363 /* Then */ = {
			isa = XCSwiftPackageProductDependency;
			package = 1716E01128AF669D0038A363 /* XCRemoteSwiftPackageReference "Then" */;
			productName = Then;
		};
		1737420D290A592400AF8707 /* RequestBuilder */ = {
			isa = XCSwiftPackageProductDependency;
			package = 1737420C290A592400AF8707 /* XCRemoteSwiftPackageReference "RequestBuilder" */;
			productName = RequestBuilder;
		};
		17374210290A5A6F00AF8707 /* CoreStore */ = {
			isa = XCSwiftPackageProductDependency;
			package = 1737420F290A5A6F00AF8707 /* XCRemoteSwiftPackageReference "CoreStore" */;
			productName = CoreStore;
		};
		173D0C4128D99ED4002787E1 /* Factory */ = {
			isa = XCSwiftPackageProductDependency;
			package = 173D0C4028D99ED4002787E1 /* XCRemoteSwiftPackageReference "Factory" */;
			productName = Factory;
		};
/* End XCSwiftPackageProductDependency section */
	};
	rootObject = 1716DFF828AF65A60038A363 /* Project object */;
}
